{
  "nodes": {
    "nixpkgs": {
      "locked": {
        "lastModified": 1773231277,
        "narHash": "sha256-Xy3WEpUAbpsz8ydgvVAQAGGB/WB+8cNA5cshiL0McTI=",
        "owner": "NixOS",
        "repo": "nixpkgs",
        "rev": "75690239f08f885ca9b0267580101f60d10fbe62",
        "type": "github"
      },
      "original": {
        "owner": "NixOS",
        "ref": "nixpkgs-unstable",
        "repo": "nixpkgs",
        "type": "github"
      }
    },
    "plugins-lze": {
      "flake": false,
      "locked": {
        "lastModified": 1772949858,
        "narHash": "sha256-skLhmn/MvxOZbrBiceF/xiLRRmmEs6ZQS2sGrBrUyLU=",
        "owner": "BirdeeHub",
        "repo": "lze",
        "rev": "a3ba1a2d469d4ab26acb629aba8c7d70a6cbe558",
        "type": "github"
      },
      "original": {
        "owner": "BirdeeHub",
        "repo": "lze",
        "type": "github"
      }
    },
    "plugins-lzextras": {
      "flake": false,
      "locked": {
        "lastModified": 1772949841,
        "narHash": "sha256-MQ1h2R5axM3u6mLNTDzXF/40o8+U0JOWb48UTQO9jfc=",
        "owner": "BirdeeHub",
        "repo": "lzextras",
        "rev": "a6ac9a7bee380881af2dfbfd238ccb1697d677d7",
        "type": "github"
      },
      "original": {
        "owner": "BirdeeHub",
        "repo": "lzextras",
        "type": "github"
      }
    },
    "root": {
      "inputs": {
        "nixpkgs": "nixpkgs",
        "plugins-lze": "plugins-lze",
        "plugins-lzextras": "plugins-lzextras",
        "wrappers": "wrappers"
      }
    },
    "wrappers": {
      "inputs": {
        "nixpkgs": [
          "nixpkgs"
        ]
      },
      "locked": {
        "lastModified": 1773360496,
        "narHash": "sha256-AQN5UhIc2WHvELT4TWIsD1W05ksLXWRkS5NjPm3jkc0=",
        "owner": "BirdeeHub",
        "repo": "nix-wrapper-modules",
        "rev": "8f1770c6d58a89a4757849713c0e6d9ace7b4ac3",
        "type": "github"
      },
      "original": {
        "owner": "BirdeeHub",
        "repo": "nix-wrapper-modules",
        "type": "github"
      }
    }
  },
  "root": "root",
  "version": 7
}
