{
  "nodes": {
    "nixpkgs": {
      "locked": {
        "lastModified": 1775732571,
        "narHash": "sha256-cd6wKenSQ6G6jikqxFLvyel47TkY30uOSvOBV9gYDX0=",
        "owner": "NixOS",
        "repo": "nixpkgs",
        "rev": "02f3fa0374fa13707d42d55d58ecc76b091f223c",
        "type": "github"
      },
      "original": {
        "owner": "NixOS",
        "ref": "nixpkgs-unstable",
        "repo": "nixpkgs",
        "type": "github"
      }
    },
    "plugins-lze": {
      "flake": false,
      "locked": {
        "lastModified": 1775756255,
        "narHash": "sha256-HyaiWYlcmDAGzVi33GQBDzp2cq7mrbGE/vGHss2C3fY=",
        "owner": "BirdeeHub",
        "repo": "lze",
        "rev": "ee073541588f0530d813e1f156f8780a32b75f11",
        "type": "github"
      },
      "original": {
        "owner": "BirdeeHub",
        "repo": "lze",
        "type": "github"
      }
    },
    "plugins-lzextras": {
      "flake": false,
      "locked": {
        "lastModified": 1774897220,
        "narHash": "sha256-6ULOHXri/VAeRR+XwZ23YwN5xqOnBTBb+SBDgsIIFc8=",
        "owner": "BirdeeHub",
        "repo": "lzextras",
        "rev": "e04b92af006e0357099f2ce023094b22ae4d105d",
        "type": "github"
      },
      "original": {
        "owner": "BirdeeHub",
        "repo": "lzextras",
        "type": "github"
      }
    },
    "root": {
      "inputs": {
        "nixpkgs": "nixpkgs",
        "plugins-lze": "plugins-lze",
        "plugins-lzextras": "plugins-lzextras",
        "wrappers": "wrappers"
      }
    },
    "wrappers": {
      "inputs": {
        "nixpkgs": [
          "nixpkgs"
        ]
      },
      "locked": {
        "lastModified": 1775724285,
        "narHash": "sha256-/ukfzDYzcuz7i+unH7XioPS3Acam6FC935XsOCaJDmY=",
        "owner": "BirdeeHub",
        "repo": "nix-wrapper-modules",
        "rev": "d79d2f910dd0d8bffd11113865923199cb304f86",
        "type": "github"
      },
      "original": {
        "owner": "BirdeeHub",
        "repo": "nix-wrapper-modules",
        "type": "github"
      }
    }
  },
  "root": "root",
  "version": 7
}
