{
  "nodes": {
    "nixpkgs": {
      "locked": {
        "lastModified": 1774273680,
        "narHash": "sha256-a++tZ1RQsDb1I0NHrFwdGuRlR5TORvCEUksM459wKUA=",
        "owner": "NixOS",
        "repo": "nixpkgs",
        "rev": "fdc7b8f7b30fdbedec91b71ed82f36e1637483ed",
        "type": "github"
      },
      "original": {
        "owner": "NixOS",
        "ref": "nixpkgs-unstable",
        "repo": "nixpkgs",
        "type": "github"
      }
    },
    "plugins-lze": {
      "flake": false,
      "locked": {
        "lastModified": 1774333105,
        "narHash": "sha256-UvMGRa1tuQAzgyQu5+X/cEPTZrGxO8V1Q+N+t9ofhdA=",
        "owner": "BirdeeHub",
        "repo": "lze",
        "rev": "079a1dc8da437aa881448ad1f16962d10ea84848",
        "type": "github"
      },
      "original": {
        "owner": "BirdeeHub",
        "repo": "lze",
        "type": "github"
      }
    },
    "plugins-lzextras": {
      "flake": false,
      "locked": {
        "lastModified": 1774333150,
        "narHash": "sha256-5SorM5x/BIPpyBxJN7CHi6huGKzFDJOvzWIAFcdeOdo=",
        "owner": "BirdeeHub",
        "repo": "lzextras",
        "rev": "69c996ae28804abeb60050d98e3a64246394e121",
        "type": "github"
      },
      "original": {
        "owner": "BirdeeHub",
        "repo": "lzextras",
        "type": "github"
      }
    },
    "root": {
      "inputs": {
        "nixpkgs": "nixpkgs",
        "plugins-lze": "plugins-lze",
        "plugins-lzextras": "plugins-lzextras",
        "wrappers": "wrappers"
      }
    },
    "wrappers": {
      "inputs": {
        "nixpkgs": [
          "nixpkgs"
        ]
      },
      "locked": {
        "lastModified": 1774400689,
        "narHash": "sha256-hHABVYL0rxhVIzc7hZEpvE0eiCKPnevte73Tn6FRolo=",
        "owner": "BirdeeHub",
        "repo": "nix-wrapper-modules",
        "rev": "54645978682ff99594a1d1666dde6fac6a8134f2",
        "type": "github"
      },
      "original": {
        "owner": "BirdeeHub",
        "repo": "nix-wrapper-modules",
        "type": "github"
      }
    }
  },
  "root": "root",
  "version": 7
}
